{
  "name": "funfe-official-website",
  "lockfileVersion": 3,
  "requires": true,
  "packages": {
    "": {
      "devDependencies": {
        "vitepress": "^1.0.2"
      }
    },
    "node_modules/@algolia/autocomplete-core": {
      "version": "1.9.3",
      "dev": true,
      "license": "MIT",
      "dependencies": {
        "@algolia/autocomplete-plugin-algolia-insights": "1.9.3",
        "@algolia/autocomplete-shared": "1.9.3"
      }
    },
    "node_modules/@algolia/autocomplete-plugin-algolia-insights": {
      "version": "1.9.3",
      "dev": true,
      "license": "MIT",
      "dependencies": {
        "@algolia/autocomplete-shared": "1.9.3"
      },
      "peerDependencies": {
        "search-insights": ">= 1 < 3"
      }
    },
    "node_modules/@algolia/autocomplete-preset-algolia": {
      "version": "1.9.3",
      "dev": true,
      "license": "MIT",
      "dependencies": {
        "@algolia/autocomplete-shared": "1.9.3"
      },
      "peerDependencies": {
        "@algolia/client-search": ">= 4.9.1 < 6",
        "algoliasearch": ">= 4.9.1 < 6"
      }
    },
    "node_modules/@algolia/autocomplete-shared": {
      "version": "1.9.3",
      "dev": true,
      "license": "MIT",
      "peerDependencies": {
        "@algolia/client-search": ">= 4.9.1 < 6",
        "algoliasearch": ">= 4.9.1 < 6"
      }
    },
    "node_modules/@algolia/cache-browser-local-storage": {
      "version": "4.23.2",
      "dev": true,
      "license": "MIT",
      "dependencies": {
        "@algolia/cache-common": "4.23.2"
      }
    },
    "node_modules/@algolia/cache-common": {
      "version": "4.23.2",
      "dev": true,
      "license": "MIT"
    },
    "node_modules/@algolia/cache-in-memory": {
      "version": "4.23.2",
      "dev": true,
      "license": "MIT",
      "dependencies": {
        "@algolia/cache-common": "4.23.2"
      }
    },
    "node_modules/@algolia/client-account": {
      "version": "4.23.2",
      "dev": true,
      "license": "MIT",
      "dependencies": {
        "@algolia/client-common": "4.23.2",
        "@algolia/client-search": "4.23.2",
        "@algolia/transporter": "4.23.2"
      }
    },
    "node_modules/@algolia/client-analytics": {
      "version": "4.23.2",
      "dev": true,
      "license": "MIT",
      "dependencies": {
        "@algolia/client-common": "4.23.2",
        "@algolia/client-search": "4.23.2",
        "@algolia/requester-common": "4.23.2",
        "@algolia/transporter": "4.23.2"
      }
    },
    "node_modules/@algolia/client-common": {
      "version": "4.23.2",
      "dev": true,
      "license": "MIT",
      "dependencies": {
        "@algolia/requester-common": "4.23.2",
        "@algolia/transporter": "4.23.2"
      }
    },
    "node_modules/@algolia/client-personalization": {
      "version": "4.23.2",
      "dev": true,
      "license": "MIT",
      "dependencies": {
        "@algolia/client-common": "4.23.2",
        "@algolia/requester-common": "4.23.2",
        "@algolia/transporter": "4.23.2"
      }
    },
    "node_modules/@algolia/client-search": {
      "version": "4.23.2",
      "dev": true,
      "license": "MIT",
      "dependencies": {
        "@algolia/client-common": "4.23.2",
        "@algolia/requester-common": "4.23.2",
        "@algolia/transporter": "4.23.2"
      }
    },
    "node_modules/@algolia/logger-common": {
      "version": "4.23.2",
      "dev": true,
      "license": "MIT"
    },
    "node_modules/@algolia/logger-console": {
      "version": "4.23.2",
      "dev": true,
      "license": "MIT",
      "dependencies": {
        "@algolia/logger-common": "4.23.2"
      }
    },
    "node_modules/@algolia/recommend": {
      "version": "4.23.2",
      "dev": true,
      "license": "MIT",
      "dependencies": {
        "@algolia/cache-browser-local-storage": "4.23.2",
        "@algolia/cache-common": "4.23.2",
        "@algolia/cache-in-memory": "4.23.2",
        "@algolia/client-common": "4.23.2",
        "@algolia/client-search": "4.23.2",
        "@algolia/logger-common": "4.23.2",
        "@algolia/logger-console": "4.23.2",
        "@algolia/requester-browser-xhr": "4.23.2",
        "@algolia/requester-common": "4.23.2",
        "@algolia/requester-node-http": "4.23.2",
        "@algolia/transporter": "4.23.2"
      }
    },
    "node_modules/@algolia/requester-browser-xhr": {
      "version": "4.23.2",
      "dev": true,
      "license": "MIT",
      "dependencies": {
        "@algolia/requester-common": "4.23.2"
      }
    },
    "node_modules/@algolia/requester-common": {
      "version": "4.23.2",
      "dev": true,
      "license": "MIT"
    },
    "node_modules/@algolia/requester-node-http": {
      "version": "4.23.2",
      "dev": true,
      "license": "MIT",
      "dependencies": {
        "@algolia/requester-common": "4.23.2"
      }
    },
    "node_modules/@algolia/transporter": {
      "version": "4.23.2",
      "dev": true,
      "license": "MIT",
      "dependencies": {
        "@algolia/cache-common": "4.23.2",
        "@algolia/logger-common": "4.23.2",
        "@algolia/requester-common": "4.23.2"
      }
    },
    "node_modules/@babel/parser": {
      "version": "7.24.4",
      "license": "MIT",
      "bin": {
        "parser": "bin/babel-parser.js"
      },
      "engines": {
        "node": ">=6.0.0"
      }
    },
    "node_modules/@codemirror/autocomplete": {
      "version": "0.20.3",
      "license": "MIT",
      "dependencies": {
        "@codemirror/language": "^0.20.0",
        "@codemirror/state": "^0.20.0",
        "@codemirror/view": "^0.20.0",
        "@lezer/common": "^0.16.0"
      }
    },
    "node_modules/@codemirror/autocomplete/node_modules/@codemirror/language": {
      "version": "0.20.2",
      "license": "MIT",
      "dependencies": {
        "@codemirror/state": "^0.20.0",
        "@codemirror/view": "^0.20.0",
        "@lezer/common": "^0.16.0",
        "@lezer/highlight": "^0.16.0",
        "@lezer/lr": "^0.16.0",
        "style-mod": "^4.0.0"
      }
    },
    "node_modules/@codemirror/autocomplete/node_modules/@codemirror/state": {
      "version": "0.20.1",
      "license": "MIT"
    },
    "node_modules/@codemirror/autocomplete/node_modules/@codemirror/view": {
      "version": "0.20.7",
      "license": "MIT",
      "dependencies": {
        "@codemirror/state": "^0.20.0",
        "style-mod": "^4.0.0",
        "w3c-keyname": "^2.2.4"
      }
    },
    "node_modules/@codemirror/autocomplete/node_modules/@lezer/highlight": {
      "version": "0.16.0",
      "license": "MIT",
      "dependencies": {
        "@lezer/common": "^0.16.0"
      }
    },
    "node_modules/@codemirror/autocomplete/node_modules/@lezer/lr": {
      "version": "0.16.3",
      "license": "MIT",
      "dependencies": {
        "@lezer/common": "^0.16.0"
      }
    },
    "node_modules/@codemirror/basic-setup": {
      "version": "0.20.0",
      "license": "MIT",
      "dependencies": {
        "@codemirror/autocomplete": "^0.20.0",
        "@codemirror/commands": "^0.20.0",
        "@codemirror/language": "^0.20.0",
        "@codemirror/lint": "^0.20.0",
        "@codemirror/search": "^0.20.0",
        "@codemirror/state": "^0.20.0",
        "@codemirror/view": "^0.20.0"
      }
    },
    "node_modules/@codemirror/basic-setup/node_modules/@codemirror/commands": {
      "version": "0.20.0",
      "license": "MIT",
      "dependencies": {
        "@codemirror/language": "^0.20.0",
        "@codemirror/state": "^0.20.0",
        "@codemirror/view": "^0.20.0",
        "@lezer/common": "^0.16.0"
      }
    },
    "node_modules/@codemirror/basic-setup/node_modules/@codemirror/language": {
      "version": "0.20.2",
      "license": "MIT",
      "dependencies": {
        "@codemirror/state": "^0.20.0",
        "@codemirror/view": "^0.20.0",
        "@lezer/common": "^0.16.0",
        "@lezer/highlight": "^0.16.0",
        "@lezer/lr": "^0.16.0",
        "style-mod": "^4.0.0"
      }
    },
    "node_modules/@codemirror/basic-setup/node_modules/@codemirror/state": {
      "version": "0.20.1",
      "license": "MIT"
    },
    "node_modules/@codemirror/basic-setup/node_modules/@codemirror/view": {
      "version": "0.20.7",
      "license": "MIT",
      "dependencies": {
        "@codemirror/state": "^0.20.0",
        "style-mod": "^4.0.0",
        "w3c-keyname": "^2.2.4"
      }
    },
    "node_modules/@codemirror/basic-setup/node_modules/@lezer/highlight": {
      "version": "0.16.0",
      "license": "MIT",
      "dependencies": {
        "@lezer/common": "^0.16.0"
      }
    },
    "node_modules/@codemirror/basic-setup/node_modules/@lezer/lr": {
      "version": "0.16.3",
      "license": "MIT",
      "dependencies": {
        "@lezer/common": "^0.16.0"
      }
    },
    "node_modules/@codemirror/commands": {
      "version": "6.8.0",
      "license": "MIT",
      "dependencies": {
        "@codemirror/language": "^6.0.0",
        "@codemirror/state": "^6.4.0",
        "@codemirror/view": "^6.27.0",
        "@lezer/common": "^1.1.0"
      }
    },
    "node_modules/@codemirror/commands/node_modules/@lezer/common": {
      "version": "1.2.3",
      "license": "MIT"
    },
    "node_modules/@codemirror/lang-css": {
      "version": "6.3.1",
      "license": "MIT",
      "dependencies": {
        "@codemirror/autocomplete": "^6.0.0",
        "@codemirror/language": "^6.0.0",
        "@codemirror/state": "^6.0.0",
        "@lezer/common": "^1.0.2",
        "@lezer/css": "^1.1.7"
      }
    },
    "node_modules/@codemirror/lang-css/node_modules/@codemirror/autocomplete": {
      "version": "6.18.4",
      "license": "MIT",
      "dependencies": {
        "@codemirror/language": "^6.0.0",
        "@codemirror/state": "^6.0.0",
        "@codemirror/view": "^6.17.0",
        "@lezer/common": "^1.0.0"
      }
    },
    "node_modules/@codemirror/lang-css/node_modules/@lezer/common": {
      "version": "1.2.3",
      "license": "MIT"
    },
    "node_modules/@codemirror/lang-html": {
      "version": "6.4.9",
      "license": "MIT",
      "dependencies": {
        "@codemirror/autocomplete": "^6.0.0",
        "@codemirror/lang-css": "^6.0.0",
        "@codemirror/lang-javascript": "^6.0.0",
        "@codemirror/language": "^6.4.0",
        "@codemirror/state": "^6.0.0",
        "@codemirror/view": "^6.17.0",
        "@lezer/common": "^1.0.0",
        "@lezer/css": "^1.1.0",
        "@lezer/html": "^1.3.0"
      }
    },
    "node_modules/@codemirror/lang-html/node_modules/@codemirror/autocomplete": {
      "version": "6.18.4",
      "license": "MIT",
      "dependencies": {
        "@codemirror/language": "^6.0.0",
        "@codemirror/state": "^6.0.0",
        "@codemirror/view": "^6.17.0",
        "@lezer/common": "^1.0.0"
      }
    },
    "node_modules/@codemirror/lang-html/node_modules/@lezer/common": {
      "version": "1.2.3",
      "license": "MIT"
    },
    "node_modules/@codemirror/lang-javascript": {
      "version": "6.2.2",
      "license": "MIT",
      "dependencies": {
        "@codemirror/autocomplete": "^6.0.0",
        "@codemirror/language": "^6.6.0",
        "@codemirror/lint": "^6.0.0",
        "@codemirror/state": "^6.0.0",
        "@codemirror/view": "^6.17.0",
        "@lezer/common": "^1.0.0",
        "@lezer/javascript": "^1.0.0"
      }
    },
    "node_modules/@codemirror/lang-javascript/node_modules/@codemirror/autocomplete": {
      "version": "6.18.4",
      "license": "MIT",
      "dependencies": {
        "@codemirror/language": "^6.0.0",
        "@codemirror/state": "^6.0.0",
        "@codemirror/view": "^6.17.0",
        "@lezer/common": "^1.0.0"
      }
    },
    "node_modules/@codemirror/lang-javascript/node_modules/@codemirror/lint": {
      "version": "6.8.4",
      "license": "MIT",
      "dependencies": {
        "@codemirror/state": "^6.0.0",
        "@codemirror/view": "^6.35.0",
        "crelt": "^1.0.5"
      }
    },
    "node_modules/@codemirror/lang-javascript/node_modules/@lezer/common": {
      "version": "1.2.3",
      "license": "MIT"
    },
    "node_modules/@codemirror/language": {
      "version": "6.10.8",
      "license": "MIT",
      "dependencies": {
        "@codemirror/state": "^6.0.0",
        "@codemirror/view": "^6.23.0",
        "@lezer/common": "^1.1.0",
        "@lezer/highlight": "^1.0.0",
        "@lezer/lr": "^1.0.0",
        "style-mod": "^4.0.0"
      }
    },
    "node_modules/@codemirror/language/node_modules/@lezer/common": {
      "version": "1.2.3",
      "license": "MIT"
    },
    "node_modules/@codemirror/lint": {
      "version": "0.20.3",
      "license": "MIT",
      "dependencies": {
        "@codemirror/state": "^0.20.0",
        "@codemirror/view": "^0.20.2",
        "crelt": "^1.0.5"
      }
    },
    "node_modules/@codemirror/lint/node_modules/@codemirror/state": {
      "version": "0.20.1",
      "license": "MIT"
    },
    "node_modules/@codemirror/lint/node_modules/@codemirror/view": {
      "version": "0.20.7",
      "license": "MIT",
      "dependencies": {
        "@codemirror/state": "^0.20.0",
        "style-mod": "^4.0.0",
        "w3c-keyname": "^2.2.4"
      }
    },
    "node_modules/@codemirror/search": {
      "version": "0.20.1",
      "license": "MIT",
      "dependencies": {
        "@codemirror/state": "^0.20.0",
        "@codemirror/view": "^0.20.0",
        "crelt": "^1.0.5"
      }
    },
    "node_modules/@codemirror/search/node_modules/@codemirror/state": {
      "version": "0.20.1",
      "license": "MIT"
    },
    "node_modules/@codemirror/search/node_modules/@codemirror/view": {
      "version": "0.20.7",
      "license": "MIT",
      "dependencies": {
        "@codemirror/state": "^0.20.0",
        "style-mod": "^4.0.0",
        "w3c-keyname": "^2.2.4"
      }
    },
    "node_modules/@codemirror/state": {
      "version": "6.5.1",
      "license": "MIT",
      "dependencies": {
        "@marijn/find-cluster-break": "^1.0.0"
      }
    },
    "node_modules/@codemirror/theme-one-dark": {
      "version": "6.1.2",
      "license": "MIT",
      "dependencies": {
        "@codemirror/language": "^6.0.0",
        "@codemirror/state": "^6.0.0",
        "@codemirror/view": "^6.0.0",
        "@lezer/highlight": "^1.0.0"
      }
    },
    "node_modules/@codemirror/view": {
      "version": "6.36.2",
      "license": "MIT",
      "dependencies": {
        "@codemirror/state": "^6.5.0",
        "style-mod": "^4.1.0",
        "w3c-keyname": "^2.2.4"
      }
    },
    "node_modules/@docsearch/css": {
      "version": "3.6.0",
      "dev": true,
      "license": "MIT"
    },
    "node_modules/@docsearch/js": {
      "version": "3.6.0",
      "dev": true,
      "license": "MIT",
      "dependencies": {
        "@docsearch/react": "3.6.0",
        "preact": "^10.0.0"
      }
    },
    "node_modules/@docsearch/react": {
      "version": "3.6.0",
      "dev": true,
      "license": "MIT",
      "dependencies": {
        "@algolia/autocomplete-core": "1.9.3",
        "@algolia/autocomplete-preset-algolia": "1.9.3",
        "@docsearch/css": "3.6.0",
        "algoliasearch": "^4.19.1"
      },
      "peerDependencies": {
        "@types/react": ">= 16.8.0 < 19.0.0",
        "react": ">= 16.8.0 < 19.0.0",
        "react-dom": ">= 16.8.0 < 19.0.0",
        "search-insights": ">= 1 < 3"
      },
      "peerDependenciesMeta": {
        "@types/react": {
          "optional": true
        },
        "react": {
          "optional": true
        },
        "react-dom": {
          "optional": true
        },
        "search-insights": {
          "optional": true
        }
      }
    },
    "node_modules/@esbuild/darwin-arm64": {
      "version": "0.20.2",
      "cpu": [
        "arm64"
      ],
      "dev": true,
      "license": "MIT",
      "optional": true,
      "os": [
        "darwin"
      ],
      "engines": {
        "node": ">=12"
      }
    },
    "node_modules/@jridgewell/sourcemap-codec": {
      "version": "1.4.15",
      "license": "MIT"
    },
    "node_modules/@lezer/common": {
      "version": "0.16.1",
      "license": "MIT"
    },
    "node_modules/@lezer/css": {
      "version": "1.1.9",
      "license": "MIT",
      "dependencies": {
        "@lezer/common": "^1.2.0",
        "@lezer/highlight": "^1.0.0",
        "@lezer/lr": "^1.0.0"
      }
    },
    "node_modules/@lezer/css/node_modules/@lezer/common": {
      "version": "1.2.3",
      "license": "MIT"
    },
    "node_modules/@lezer/highlight": {
      "version": "1.2.1",
      "license": "MIT",
      "dependencies": {
        "@lezer/common": "^1.0.0"
      }
    },
    "node_modules/@lezer/highlight/node_modules/@lezer/common": {
      "version": "1.2.3",
      "license": "MIT"
    },
    "node_modules/@lezer/html": {
      "version": "1.3.10",
      "license": "MIT",
      "dependencies": {
        "@lezer/common": "^1.2.0",
        "@lezer/highlight": "^1.0.0",
        "@lezer/lr": "^1.0.0"
      }
    },
    "node_modules/@lezer/html/node_modules/@lezer/common": {
      "version": "1.2.3",
      "license": "MIT"
    },
    "node_modules/@lezer/javascript": {
      "version": "1.4.21",
      "license": "MIT",
      "dependencies": {
        "@lezer/common": "^1.2.0",
        "@lezer/highlight": "^1.1.3",
        "@lezer/lr": "^1.3.0"
      }
    },
    "node_modules/@lezer/javascript/node_modules/@lezer/common": {
      "version": "1.2.3",
      "license": "MIT"
    },
    "node_modules/@lezer/lr": {
      "version": "1.4.2",
      "license": "MIT",
      "dependencies": {
        "@lezer/common": "^1.0.0"
      }
    },
    "node_modules/@lezer/lr/node_modules/@lezer/common": {
      "version": "1.2.3",
      "license": "MIT"
    },
    "node_modules/@marijn/find-cluster-break": {
      "version": "1.0.2",
      "license": "MIT"
    },
    "node_modules/@rollup/rollup-darwin-arm64": {
      "version": "4.14.1",
      "cpu": [
        "arm64"
      ],
      "dev": true,
      "license": "MIT",
      "optional": true,
      "os": [
        "darwin"
      ]
    },
    "node_modules/@shikijs/core": {
      "version": "1.2.4",
      "dev": true,
      "license": "MIT"
    },
    "node_modules/@shikijs/transformers": {
      "version": "1.2.4",
      "dev": true,
      "license": "MIT",
      "dependencies": {
        "shiki": "1.2.4"
      }
    },
    "node_modules/@types/estree": {
      "version": "1.0.5",
      "dev": true,
      "license": "MIT"
    },
    "node_modules/@types/linkify-it": {
      "version": "3.0.5",
      "dev": true,
      "license": "MIT"
    },
    "node_modules/@types/markdown-it": {
      "version": "13.0.7",
      "dev": true,
      "license": "MIT",
      "dependencies": {
        "@types/linkify-it": "*",
        "@types/mdurl": "*"
      }
    },
    "node_modules/@types/mdurl": {
      "version": "1.0.5",
      "dev": true,
      "license": "MIT"
    },
    "node_modules/@types/web-bluetooth": {
      "version": "0.0.20",
      "dev": true,
      "license": "MIT"
    },
    "node_modules/@vitejs/plugin-vue": {
      "version": "5.0.4",
      "dev": true,
      "license": "MIT",
      "engines": {
        "node": "^18.0.0 || >=20.0.0"
      },
      "peerDependencies": {
        "vite": "^5.0.0",
        "vue": "^3.2.25"
      }
    },
    "node_modules/@vue/compiler-core": {
      "version": "3.4.21",
      "license": "MIT",
      "dependencies": {
        "@babel/parser": "^7.23.9",
        "@vue/shared": "3.4.21",
        "entities": "^4.5.0",
        "estree-walker": "^2.0.2",
        "source-map-js": "^1.0.2"
      }
    },
    "node_modules/@vue/compiler-dom": {
      "version": "3.4.21",
      "license": "MIT",
      "dependencies": {
        "@vue/compiler-core": "3.4.21",
        "@vue/shared": "3.4.21"
      }
    },
    "node_modules/@vue/compiler-sfc": {
      "version": "3.4.21",
      "license": "MIT",
      "dependencies": {
        "@babel/parser": "^7.23.9",
        "@vue/compiler-core": "3.4.21",
        "@vue/compiler-dom": "3.4.21",
        "@vue/compiler-ssr": "3.4.21",
        "@vue/shared": "3.4.21",
        "estree-walker": "^2.0.2",
        "magic-string": "^0.30.7",
        "postcss": "^8.4.35",
        "source-map-js": "^1.0.2"
      }
    },
    "node_modules/@vue/compiler-ssr": {
      "version": "3.4.21",
      "license": "MIT",
      "dependencies": {
        "@vue/compiler-dom": "3.4.21",
        "@vue/shared": "3.4.21"
      }
    },
    "node_modules/@vue/devtools-api": {
      "version": "7.0.25",
      "dev": true,
      "license": "MIT",
      "dependencies": {
        "@vue/devtools-kit": "^7.0.25"
      }
    },
    "node_modules/@vue/devtools-kit": {
      "version": "7.0.25",
      "dev": true,
      "license": "MIT",
      "dependencies": {
        "@vue/devtools-shared": "^7.0.25",
        "hookable": "^5.5.3",
        "mitt": "^3.0.1",
        "perfect-debounce": "^1.0.0",
        "speakingurl": "^14.0.1"
      },
      "peerDependencies": {
        "vue": "^3.0.0"
      }
    },
    "node_modules/@vue/devtools-shared": {
      "version": "7.0.25",
      "dev": true,
      "license": "MIT",
      "dependencies": {
        "rfdc": "^1.3.1"
      }
    },
    "node_modules/@vue/reactivity": {
      "version": "3.4.21",
      "license": "MIT",
      "dependencies": {
        "@vue/shared": "3.4.21"
      }
    },
    "node_modules/@vue/runtime-core": {
      "version": "3.4.21",
      "license": "MIT",
      "dependencies": {
        "@vue/reactivity": "3.4.21",
        "@vue/shared": "3.4.21"
      }
    },
    "node_modules/@vue/runtime-dom": {
      "version": "3.4.21",
      "license": "MIT",
      "dependencies": {
        "@vue/runtime-core": "3.4.21",
        "@vue/shared": "3.4.21",
        "csstype": "^3.1.3"
      }
    },
    "node_modules/@vue/server-renderer": {
      "version": "3.4.21",
      "license": "MIT",
      "dependencies": {
        "@vue/compiler-ssr": "3.4.21",
        "@vue/shared": "3.4.21"
      },
      "peerDependencies": {
        "vue": "3.4.21"
      }
    },
    "node_modules/@vue/shared": {
      "version": "3.4.21",
      "license": "MIT"
    },
    "node_modules/@vueuse/core": {
      "version": "10.9.0",
      "dev": true,
      "license": "MIT",
      "dependencies": {
        "@types/web-bluetooth": "^0.0.20",
        "@vueuse/metadata": "10.9.0",
        "@vueuse/shared": "10.9.0",
        "vue-demi": ">=0.14.7"
      },
      "funding": {
        "url": "https://github.com/sponsors/antfu"
      }
    },
    "node_modules/@vueuse/core/node_modules/vue-demi": {
      "version": "0.14.7",
      "dev": true,
      "hasInstallScript": true,
      "license": "MIT",
      "bin": {
        "vue-demi-fix": "bin/vue-demi-fix.js",
        "vue-demi-switch": "bin/vue-demi-switch.js"
      },
      "engines": {
        "node": ">=12"
      },
      "funding": {
        "url": "https://github.com/sponsors/antfu"
      },
      "peerDependencies": {
        "@vue/composition-api": "^1.0.0-rc.1",
        "vue": "^3.0.0-0 || ^2.6.0"
      },
      "peerDependenciesMeta": {
        "@vue/composition-api": {
          "optional": true
        }
      }
    },
    "node_modules/@vueuse/integrations": {
      "version": "10.9.0",
      "dev": true,
      "license": "MIT",
      "dependencies": {
        "@vueuse/core": "10.9.0",
        "@vueuse/shared": "10.9.0",
        "vue-demi": ">=0.14.7"
      },
      "funding": {
        "url": "https://github.com/sponsors/antfu"
      },
      "peerDependencies": {
        "async-validator": "*",
        "axios": "*",
        "change-case": "*",
        "drauu": "*",
        "focus-trap": "*",
        "fuse.js": "*",
        "idb-keyval": "*",
        "jwt-decode": "*",
        "nprogress": "*",
        "qrcode": "*",
        "sortablejs": "*",
        "universal-cookie": "*"
      },
      "peerDependenciesMeta": {
        "async-validator": {
          "optional": true
        },
        "axios": {
          "optional": true
        },
        "change-case": {
          "optional": true
        },
        "drauu": {
          "optional": true
        },
        "focus-trap": {
          "optional": true
        },
        "fuse.js": {
          "optional": true
        },
        "idb-keyval": {
          "optional": true
        },
        "jwt-decode": {
          "optional": true
        },
        "nprogress": {
          "optional": true
        },
        "qrcode": {
          "optional": true
        },
        "sortablejs": {
          "optional": true
        },
        "universal-cookie": {
          "optional": true
        }
      }
    },
    "node_modules/@vueuse/integrations/node_modules/vue-demi": {
      "version": "0.14.7",
      "dev": true,
      "hasInstallScript": true,
      "license": "MIT",
      "bin": {
        "vue-demi-fix": "bin/vue-demi-fix.js",
        "vue-demi-switch": "bin/vue-demi-switch.js"
      },
      "engines": {
        "node": ">=12"
      },
      "funding": {
        "url": "https://github.com/sponsors/antfu"
      },
      "peerDependencies": {
        "@vue/composition-api": "^1.0.0-rc.1",
        "vue": "^3.0.0-0 || ^2.6.0"
      },
      "peerDependenciesMeta": {
        "@vue/composition-api": {
          "optional": true
        }
      }
    },
    "node_modules/@vueuse/metadata": {
      "version": "10.9.0",
      "dev": true,
      "license": "MIT",
      "funding": {
        "url": "https://github.com/sponsors/antfu"
      }
    },
    "node_modules/@vueuse/shared": {
      "version": "10.9.0",
      "dev": true,
      "license": "MIT",
      "dependencies": {
        "vue-demi": ">=0.14.7"
      },
      "funding": {
        "url": "https://github.com/sponsors/antfu"
      }
    },
    "node_modules/@vueuse/shared/node_modules/vue-demi": {
      "version": "0.14.7",
      "dev": true,
      "hasInstallScript": true,
      "license": "MIT",
      "bin": {
        "vue-demi-fix": "bin/vue-demi-fix.js",
        "vue-demi-switch": "bin/vue-demi-switch.js"
      },
      "engines": {
        "node": ">=12"
      },
      "funding": {
        "url": "https://github.com/sponsors/antfu"
      },
      "peerDependencies": {
        "@vue/composition-api": "^1.0.0-rc.1",
        "vue": "^3.0.0-0 || ^2.6.0"
      },
      "peerDependenciesMeta": {
        "@vue/composition-api": {
          "optional": true
        }
      }
    },
    "node_modules/algoliasearch": {
      "version": "4.23.2",
      "dev": true,
      "license": "MIT",
      "dependencies": {
        "@algolia/cache-browser-local-storage": "4.23.2",
        "@algolia/cache-common": "4.23.2",
        "@algolia/cache-in-memory": "4.23.2",
        "@algolia/client-account": "4.23.2",
        "@algolia/client-analytics": "4.23.2",
        "@algolia/client-common": "4.23.2",
        "@algolia/client-personalization": "4.23.2",
        "@algolia/client-search": "4.23.2",
        "@algolia/logger-common": "4.23.2",
        "@algolia/logger-console": "4.23.2",
        "@algolia/recommend": "4.23.2",
        "@algolia/requester-browser-xhr": "4.23.2",
        "@algolia/requester-common": "4.23.2",
        "@algolia/requester-node-http": "4.23.2",
        "@algolia/transporter": "4.23.2"
      }
    },
    "node_modules/codemirror": {
      "version": "6.0.1",
      "license": "MIT",
      "dependencies": {
        "@codemirror/autocomplete": "^6.0.0",
        "@codemirror/commands": "^6.0.0",
        "@codemirror/language": "^6.0.0",
        "@codemirror/lint": "^6.0.0",
        "@codemirror/search": "^6.0.0",
        "@codemirror/state": "^6.0.0",
        "@codemirror/view": "^6.0.0"
      }
    },
    "node_modules/codemirror/node_modules/@codemirror/autocomplete": {
      "version": "6.18.4",
      "license": "MIT",
      "dependencies": {
        "@codemirror/language": "^6.0.0",
        "@codemirror/state": "^6.0.0",
        "@codemirror/view": "^6.17.0",
        "@lezer/common": "^1.0.0"
      }
    },
    "node_modules/codemirror/node_modules/@codemirror/lint": {
      "version": "6.8.4",
      "license": "MIT",
      "dependencies": {
        "@codemirror/state": "^6.0.0",
        "@codemirror/view": "^6.35.0",
        "crelt": "^1.0.5"
      }
    },
    "node_modules/codemirror/node_modules/@codemirror/search": {
      "version": "6.5.8",
      "license": "MIT",
      "dependencies": {
        "@codemirror/state": "^6.0.0",
        "@codemirror/view": "^6.0.0",
        "crelt": "^1.0.5"
      }
    },
    "node_modules/codemirror/node_modules/@lezer/common": {
      "version": "1.2.3",
      "license": "MIT"
    },
    "node_modules/crelt": {
      "version": "1.0.6",
      "license": "MIT"
    },
    "node_modules/csstype": {
      "version": "3.1.3",
      "license": "MIT"
    },
    "node_modules/entities": {
      "version": "4.5.0",
      "license": "BSD-2-Clause",
      "engines": {
        "node": ">=0.12"
      },
      "funding": {
        "url": "https://github.com/fb55/entities?sponsor=1"
      }
    },
    "node_modules/esbuild": {
      "version": "0.20.2",
      "dev": true,
      "hasInstallScript": true,
      "license": "MIT",
      "bin": {
        "esbuild": "bin/esbuild"
      },
      "engines": {
        "node": ">=12"
      },
      "optionalDependencies": {
        "@esbuild/aix-ppc64": "0.20.2",
        "@esbuild/android-arm": "0.20.2",
        "@esbuild/android-arm64": "0.20.2",
        "@esbuild/android-x64": "0.20.2",
        "@esbuild/darwin-arm64": "0.20.2",
        "@esbuild/darwin-x64": "0.20.2",
        "@esbuild/freebsd-arm64": "0.20.2",
        "@esbuild/freebsd-x64": "0.20.2",
        "@esbuild/linux-arm": "0.20.2",
        "@esbuild/linux-arm64": "0.20.2",
        "@esbuild/linux-ia32": "0.20.2",
        "@esbuild/linux-loong64": "0.20.2",
        "@esbuild/linux-mips64el": "0.20.2",
        "@esbuild/linux-ppc64": "0.20.2",
        "@esbuild/linux-riscv64": "0.20.2",
        "@esbuild/linux-s390x": "0.20.2",
        "@esbuild/linux-x64": "0.20.2",
        "@esbuild/netbsd-x64": "0.20.2",
        "@esbuild/openbsd-x64": "0.20.2",
        "@esbuild/sunos-x64": "0.20.2",
        "@esbuild/win32-arm64": "0.20.2",
        "@esbuild/win32-ia32": "0.20.2",
        "@esbuild/win32-x64": "0.20.2"
      }
    },
    "node_modules/estree-walker": {
      "version": "2.0.2",
      "license": "MIT"
    },
    "node_modules/focus-trap": {
      "version": "7.5.4",
      "dev": true,
      "license": "MIT",
      "dependencies": {
        "tabbable": "^6.2.0"
      }
    },
    "node_modules/fsevents": {
      "version": "2.3.3",
      "dev": true,
      "license": "MIT",
      "optional": true,
      "os": [
        "darwin"
      ],
      "engines": {
        "node": "^8.16.0 || ^10.6.0 || >=11.0.0"
      }
    },
    "node_modules/highlight.js": {
      "version": "11.11.1",
      "license": "BSD-3-Clause",
      "engines": {
        "node": ">=12.0.0"
      }
    },
    "node_modules/hookable": {
      "version": "5.5.3",
      "dev": true,
      "license": "MIT"
    },
    "node_modules/magic-string": {
      "version": "0.30.9",
      "license": "MIT",
      "dependencies": {
        "@jridgewell/sourcemap-codec": "^1.4.15"
      },
      "engines": {
        "node": ">=12"
      }
    },
    "node_modules/mark.js": {
      "version": "8.11.1",
      "dev": true,
      "license": "MIT"
    },
    "node_modules/markdown-it-container": {
      "version": "4.0.0",
      "license": "MIT"
    },
    "node_modules/minisearch": {
      "version": "6.3.0",
      "dev": true,
      "license": "MIT"
    },
    "node_modules/mitt": {
      "version": "3.0.1",
      "dev": true,
      "license": "MIT"
    },
    "node_modules/monaco-editor": {
      "version": "0.45.0",
      "resolved": "https://registry.npmmirror.com/monaco-editor/-/monaco-editor-0.45.0.tgz",
      "integrity": "sha512-mjv1G1ZzfEE3k9HZN0dQ2olMdwIfaeAAjFiwNprLfYNRSz7ctv9XuCT7gPtBGrMUeV1/iZzYKj17Khu1hxoHOA==",
      "license": "MIT"
    },
    "node_modules/nanoid": {
      "version": "3.3.7",
      "funding": [
        {
          "type": "github",
          "url": "https://github.com/sponsors/ai"
        }
      ],
      "license": "MIT",
      "bin": {
        "nanoid": "bin/nanoid.cjs"
      },
      "engines": {
        "node": "^10 || ^12 || ^13.7 || ^14 || >=15.0.1"
      }
    },
    "node_modules/perfect-debounce": {
      "version": "1.0.0",
      "dev": true,
      "license": "MIT"
    },
    "node_modules/picocolors": {
      "version": "1.0.0",
      "license": "ISC"
    },
    "node_modules/postcss": {
      "version": "8.4.38",
      "funding": [
        {
          "type": "opencollective",
          "url": "https://opencollective.com/postcss/"
        },
        {
          "type": "tidelift",
          "url": "https://tidelift.com/funding/github/npm/postcss"
        },
        {
          "type": "github",
          "url": "https://github.com/sponsors/ai"
        }
      ],
      "license": "MIT",
      "dependencies": {
        "nanoid": "^3.3.7",
        "picocolors": "^1.0.0",
        "source-map-js": "^1.2.0"
      },
      "engines": {
        "node": "^10 || ^12 || >=14"
      }
    },
    "node_modules/preact": {
      "version": "10.20.1",
      "dev": true,
      "license": "MIT",
      "funding": {
        "type": "opencollective",
        "url": "https://opencollective.com/preact"
      }
    },
    "node_modules/rfdc": {
      "version": "1.3.1",
      "dev": true,
      "license": "MIT"
    },
    "node_modules/rollup": {
      "version": "4.14.1",
      "dev": true,
      "license": "MIT",
      "dependencies": {
        "@types/estree": "1.0.5"
      },
      "bin": {
        "rollup": "dist/bin/rollup"
      },
      "engines": {
        "node": ">=18.0.0",
        "npm": ">=8.0.0"
      },
      "optionalDependencies": {
        "@rollup/rollup-android-arm-eabi": "4.14.1",
        "@rollup/rollup-android-arm64": "4.14.1",
        "@rollup/rollup-darwin-arm64": "4.14.1",
        "@rollup/rollup-darwin-x64": "4.14.1",
        "@rollup/rollup-linux-arm-gnueabihf": "4.14.1",
        "@rollup/rollup-linux-arm64-gnu": "4.14.1",
        "@rollup/rollup-linux-arm64-musl": "4.14.1",
        "@rollup/rollup-linux-powerpc64le-gnu": "4.14.1",
        "@rollup/rollup-linux-riscv64-gnu": "4.14.1",
        "@rollup/rollup-linux-s390x-gnu": "4.14.1",
        "@rollup/rollup-linux-x64-gnu": "4.14.1",
        "@rollup/rollup-linux-x64-musl": "4.14.1",
        "@rollup/rollup-win32-arm64-msvc": "4.14.1",
        "@rollup/rollup-win32-ia32-msvc": "4.14.1",
        "@rollup/rollup-win32-x64-msvc": "4.14.1",
        "fsevents": "~2.3.2"
      }
    },
    "node_modules/search-insights": {
      "version": "2.13.0",
      "dev": true,
      "license": "MIT",
      "peer": true
    },
    "node_modules/shiki": {
      "version": "1.2.4",
      "dev": true,
      "license": "MIT",
      "dependencies": {
        "@shikijs/core": "1.2.4"
      }
    },
    "node_modules/source-map-js": {
      "version": "1.2.0",
      "license": "BSD-3-Clause",
      "engines": {
        "node": ">=0.10.0"
      }
    },
    "node_modules/speakingurl": {
      "version": "14.0.1",
      "dev": true,
      "license": "BSD-3-Clause",
      "engines": {
        "node": ">=0.10.0"
      }
    },
    "node_modules/style-mod": {
      "version": "4.1.2",
      "license": "MIT"
    },
    "node_modules/tabbable": {
      "version": "6.2.0",
      "dev": true,
      "license": "MIT"
    },
    "node_modules/three": {
      "version": "0.172.0",
      "resolved": "https://registry.npmmirror.com/three/-/three-0.172.0.tgz",
      "integrity": "sha512-6HMgMlzU97MsV7D/tY8Va38b83kz8YJX+BefKjspMNAv0Vx6dxMogHOrnRl/sbMIs3BPUKijPqDqJ/+UwJbIow==",
      "license": "MIT"
    },
    "node_modules/vite": {
      "version": "5.2.8",
      "dev": true,
      "license": "MIT",
      "dependencies": {
        "esbuild": "^0.20.1",
        "postcss": "^8.4.38",
        "rollup": "^4.13.0"
      },
      "bin": {
        "vite": "bin/vite.js"
      },
      "engines": {
        "node": "^18.0.0 || >=20.0.0"
      },
      "funding": {
        "url": "https://github.com/vitejs/vite?sponsor=1"
      },
      "optionalDependencies": {
        "fsevents": "~2.3.3"
      },
      "peerDependencies": {
        "@types/node": "^18.0.0 || >=20.0.0",
        "less": "*",
        "lightningcss": "^1.21.0",
        "sass": "*",
        "stylus": "*",
        "sugarss": "*",
        "terser": "^5.4.0"
      },
      "peerDependenciesMeta": {
        "@types/node": {
          "optional": true
        },
        "less": {
          "optional": true
        },
        "lightningcss": {
          "optional": true
        },
        "sass": {
          "optional": true
        },
        "stylus": {
          "optional": true
        },
        "sugarss": {
          "optional": true
        },
        "terser": {
          "optional": true
        }
      }
    },
    "node_modules/vite-plugin-monaco-editor": {
      "version": "1.1.0",
      "resolved": "https://registry.npmmirror.com/vite-plugin-monaco-editor/-/vite-plugin-monaco-editor-1.1.0.tgz",
      "integrity": "sha512-IvtUqZotrRoVqwT0PBBDIZPNraya3BxN/bfcNfnxZ5rkJiGcNtO5eAOWWSgT7zullIAEqQwxMU83yL9J5k7gww==",
      "license": "MIT",
      "peerDependencies": {
        "monaco-editor": ">=0.33.0"
      }
    },
    "node_modules/vitepress": {
      "version": "1.0.2",
      "dev": true,
      "license": "MIT",
      "dependencies": {
        "@docsearch/css": "^3.6.0",
        "@docsearch/js": "^3.6.0",
        "@shikijs/core": "^1.2.0",
        "@shikijs/transformers": "^1.2.0",
        "@types/markdown-it": "^13.0.7",
        "@vitejs/plugin-vue": "^5.0.4",
        "@vue/devtools-api": "^7.0.16",
        "@vueuse/core": "^10.9.0",
        "@vueuse/integrations": "^10.9.0",
        "focus-trap": "^7.5.4",
        "mark.js": "8.11.1",
        "minisearch": "^6.3.0",
        "shiki": "^1.2.0",
        "vite": "^5.2.2",
        "vue": "^3.4.21"
      },
      "bin": {
        "vitepress": "bin/vitepress.js"
      },
      "peerDependencies": {
        "markdown-it-mathjax3": "^4",
        "postcss": "^8"
      },
      "peerDependenciesMeta": {
        "markdown-it-mathjax3": {
          "optional": true
        },
        "postcss": {
          "optional": true
        }
      }
    },
    "node_modules/vue": {
      "version": "3.4.21",
      "license": "MIT",
      "dependencies": {
        "@vue/compiler-dom": "3.4.21",
        "@vue/compiler-sfc": "3.4.21",
        "@vue/runtime-dom": "3.4.21",
        "@vue/server-renderer": "3.4.21",
        "@vue/shared": "3.4.21"
      },
      "peerDependencies": {
        "typescript": "*"
      },
      "peerDependenciesMeta": {
        "typescript": {
          "optional": true
        }
      }
    },
    "node_modules/vue-codemirror": {
      "version": "6.1.1",
      "license": "MIT",
      "dependencies": {
        "@codemirror/commands": "6.x",
        "@codemirror/language": "6.x",
        "@codemirror/state": "6.x",
        "@codemirror/view": "6.x"
      },
      "peerDependencies": {
        "codemirror": "6.x",
        "vue": "3.x"
      }
    },
    "node_modules/w3c-keyname": {
      "version": "2.2.8",
      "license": "MIT"
    }
  }
}
